<?xml version="1.0" encoding="utf-8"?>
<Project ToolsVersion="4.0" xmlns="http://schemas.microsoft.com/developer/msbuild/2003">
  <ItemGroup>
    <Filter Include="Math">
      <UniqueIdentifier>{a02c1087-e15c-409a-b309-8933a3ce724e}</UniqueIdentifier>
    </Filter>
    <Filter Include="Memory">
      <UniqueIdentifier>{8ad12d31-8355-4bde-b861-d420acc7e285}</UniqueIdentifier>
    </Filter>
    <Filter Include="Utilities">
      <UniqueIdentifier>{3a373b40-b136-4111-af98-f35cdc63f5e9}</UniqueIdentifier>
    </Filter>
    <Filter Include="Core">
      <UniqueIdentifier>{e934787d-2578-458d-997b-a37013fd9558}</UniqueIdentifier>
    </Filter>
  </ItemGroup>
  <ItemGroup>
    <ClInclude Include="Vector2.h">
      <Filter>Math</Filter>
    </ClInclude>
    <ClInclude Include="BlockDescriptor.h">
      <Filter>Memory</Filter>
    </ClInclude>
    <ClInclude Include="FixedSizeAllocator.h">
      <Filter>Memory</Filter>
    </ClInclude>
    <ClInclude Include="MemoryAllocator.h">
      <Filter>Memory</Filter>
    </ClInclude>
    <ClInclude Include="MemoryManagement.h">
      <Filter>Memory</Filter>
    </ClInclude>
    <ClInclude Include="DebugStatement.h">
      <Filter>Utilities</Filter>
    </ClInclude>
    <ClInclude Include="BitArray.h">
      <Filter>Utilities</Filter>
    </ClInclude>
    <ClInclude Include="GameObject.h">
      <Filter>Core</Filter>
    </ClInclude>
    <ClInclude Include="GameObjectController.h">
      <Filter>Core</Filter>
    </ClInclude>
  </ItemGroup>
  <ItemGroup>
    <ClCompile Include="Vector2.cpp">
      <Filter>Math</Filter>
    </ClCompile>
    <ClCompile Include="FixedSizeAllocator.cpp">
      <Filter>Memory</Filter>
    </ClCompile>
    <ClCompile Include="MemoryAllocator.cpp">
      <Filter>Memory</Filter>
    </ClCompile>
    <ClCompile Include="MemoryManagement.cpp">
      <Filter>Memory</Filter>
    </ClCompile>
    <ClCompile Include="BitArray.cpp">
      <Filter>Utilities</Filter>
    </ClCompile>
  </ItemGroup>
</Project>